
Microsoft Visual Studio Solution File, Format Version 12.00
# Visual Studio Version 16
VisualStudioVersion = 16.0.31005.135
MinimumVisualStudioVersion = 10.0.40219.1
Project("{FAE04EC0-301F-11D3-BF4B-00C04F79EFBC}") = "WebApplication8", "WebApplication8\WebApplication8.csproj", "{ABC7AC68-F1FD-43BD-999F-36A6001D5082}"
EndProject
Global
	GlobalSection(SolutionConfigurationPlatforms) = preSolution
		Debug|Any CPU = Debug|Any CPU
		Release|Any CPU = Release|Any CPU
	EndGlobalSection
	GlobalSection(ProjectConfigurationPlatforms) = postSolution
		{ABC7AC68-F1FD-43BD-999F-36A6001D5082}.Debug|Any CPU.ActiveCfg = Debug|Any CPU
		{ABC7AC68-F1FD-43BD-999F-36A6001D5082}.Debug|Any CPU.Build.0 = Debug|Any CPU
		{ABC7AC68-F1FD-43BD-999F-36A6001D5082}.Release|Any CPU.ActiveCfg = Release|Any CPU
		{ABC7AC68-F1FD-43BD-999F-36A6001D5082}.Release|Any CPU.Build.0 = Release|Any CPU
	EndGlobalSection
	GlobalSection(SolutionProperties) = preSolution
		HideSolutionNode = FALSE
	EndGlobalSection
	GlobalSection(ExtensibilityGlobals) = postSolution
		SolutionGuid = {ED53379C-36D6-4B1E-8BB7-C298FEB306CA}
	EndGlobalSection
EndGlobal
